
Microsoft Visual Studio Solution File, Format Version 12.00
# Visual Studio Version 16
VisualStudioVersion = 16.0.31229.75
MinimumVisualStudioVersion = 10.0.40219.1
Project("{9A19103F-16F7-4668-BE54-9A1E7A4F7556}") = "YololFleetsGUI", "YololFleetsGUI\YololFleetsGUI.csproj", "{768E8A20-2518-46E0-B99D-8D9E0F3D790A}"
EndProject
Project("{FAE04EC0-301F-11D3-BF4B-00C04F79EFBC}") = "YololFleetsGUI.Preferences", "YololFleetsGUI.Preferences\YololFleetsGUI.Preferences.csproj", "{221CB72D-A165-4434-95B1-C0D3A8964F28}"
EndProject
Global
	GlobalSection(SolutionConfigurationPlatforms) = preSolution
		Debug|Any CPU = Debug|Any CPU
		Release|Any CPU = Release|Any CPU
	EndGlobalSection
	GlobalSection(ProjectConfigurationPlatforms) = postSolution
		{768E8A20-2518-46E0-B99D-8D9E0F3D790A}.Debug|Any CPU.ActiveCfg = Debug|Any CPU
		{768E8A20-2518-46E0-B99D-8D9E0F3D790A}.Debug|Any CPU.Build.0 = Debug|Any CPU
		{768E8A20-2518-46E0-B99D-8D9E0F3D790A}.Release|Any CPU.ActiveCfg = Release|Any CPU
		{768E8A20-2518-46E0-B99D-8D9E0F3D790A}.Release|Any CPU.Build.0 = Release|Any CPU
		{221CB72D-A165-4434-95B1-C0D3A8964F28}.Debug|Any CPU.ActiveCfg = Debug|Any CPU
		{221CB72D-A165-4434-95B1-C0D3A8964F28}.Debug|Any CPU.Build.0 = Debug|Any CPU
		{221CB72D-A165-4434-95B1-C0D3A8964F28}.Release|Any CPU.ActiveCfg = Release|Any CPU
		{221CB72D-A165-4434-95B1-C0D3A8964F28}.Release|Any CPU.Build.0 = Release|Any CPU
	EndGlobalSection
	GlobalSection(SolutionProperties) = preSolution
		HideSolutionNode = FALSE
	EndGlobalSection
	GlobalSection(ExtensibilityGlobals) = postSolution
		SolutionGuid = {40AB2CF6-E0E1-48CD-A852-E1538694E0B8}
	EndGlobalSection
EndGlobal
